
Microsoft Visual Studio Solution File, Format Version 12.00
# Visual Studio Version 17
VisualStudioVersion = 17.6.33723.286
MinimumVisualStudioVersion = 10.0.40219.1
Project("{FAE04EC0-301F-11D3-BF4B-00C04F79EFBC}") = "IdadesMedias", "IdadesMedias\IdadesMedias.csproj", "{414274D6-D990-4407-84C2-5E8D96A8E89D}"
EndProject
Global
	GlobalSection(SolutionConfigurationPlatforms) = preSolution
		Debug|Any CPU = Debug|Any CPU
		Release|Any CPU = Release|Any CPU
	EndGlobalSection
	GlobalSection(ProjectConfigurationPlatforms) = postSolution
		{414274D6-D990-4407-84C2-5E8D96A8E89D}.Debug|Any CPU.ActiveCfg = Debug|Any CPU
		{414274D6-D990-4407-84C2-5E8D96A8E89D}.Debug|Any CPU.Build.0 = Debug|Any CPU
		{414274D6-D990-4407-84C2-5E8D96A8E89D}.Release|Any CPU.ActiveCfg = Release|Any CPU
		{414274D6-D990-4407-84C2-5E8D96A8E89D}.Release|Any CPU.Build.0 = Release|Any CPU
	EndGlobalSection
	GlobalSection(SolutionProperties) = preSolution
		HideSolutionNode = FALSE
	EndGlobalSection
	GlobalSection(ExtensibilityGlobals) = postSolution
		SolutionGuid = {992764D3-AEDD-4DD3-9DAF-3B04976CE269}
	EndGlobalSection
EndGlobal
